// !$*UTF8*$!
{
	archiveVersion = 1;
	classes = {
	};
	objectVersion = 51;
	objects = {

/* Begin PBXBuildFile section */
		4467215E230C9513005A7A66 /* SettingsViewController.swift in Sources */ = {isa = PBXBuildFile; fileRef = 4467215D230C9513005A7A66 /* SettingsViewController.swift */; };
		44672160230C9CA7005A7A66 /* Data.swift in Sources */ = {isa = PBXBuildFile; fileRef = 4467215F230C9CA7005A7A66 /* Data.swift */; };
		449B5D2D2300B22400A9E245 /* AppDelegate.swift in Sources */ = {isa = PBXBuildFile; fileRef = 449B5D2C2300B22400A9E245 /* AppDelegate.swift */; };
		449B5D312300B22500A9E245 /* Assets.xcassets in Resources */ = {isa = PBXBuildFile; fileRef = 449B5D302300B22500A9E245 /* Assets.xcassets */; };
		449B5D342300B22500A9E245 /* Main.storyboard in Resources */ = {isa = PBXBuildFile; fileRef = 449B5D322300B22500A9E245 /* Main.storyboard */; };
		449B5D452300EA9C00A9E245 /* TouchBarController.swift in Sources */ = {isa = PBXBuildFile; fileRef = 449B5D432300EA9C00A9E245 /* TouchBarController.swift */; };
		449B5D4E230104E300A9E245 /* ServiceManagement.framework in Frameworks */ = {isa = PBXBuildFile; fileRef = 449B5D4D230104E300A9E245 /* ServiceManagement.framework */; };
		449B5D50230106B200A9E245 /* DFRFoundation.framework in Frameworks */ = {isa = PBXBuildFile; fileRef = 449B5D4F230106B200A9E245 /* DFRFoundation.framework */; };
		449B5D522301087F00A9E245 /* ApplePrivateHelpers.m in Sources */ = {isa = PBXBuildFile; fileRef = 449B5D512301087F00A9E245 /* ApplePrivateHelpers.m */; };
/* End PBXBuildFile section */

/* Begin PBXFileReference section */
		4467215D230C9513005A7A66 /* SettingsViewController.swift */ = {isa = PBXFileReference; lastKnownFileType = sourcecode.swift; path = SettingsViewController.swift; sourceTree = "<group>"; };
		4467215F230C9CA7005A7A66 /* Data.swift */ = {isa = PBXFileReference; lastKnownFileType = sourcecode.swift; path = Data.swift; sourceTree = "<group>"; };
		44672161230CB68D005A7A66 /* touch-bar-clock-gif.gif */ = {isa = PBXFileReference; lastKnownFileType = image.gif; path = "touch-bar-clock-gif.gif"; sourceTree = "<group>"; };
		44672162230CB724005A7A66 /* touch-bar-ui.png */ = {isa = PBXFileReference; lastKnownFileType = image.png; path = "touch-bar-ui.png"; sourceTree = "<group>"; };
		449B5D292300B22400A9E245 /* touch-bar-clock.app */ = {isa = PBXFileReference; explicitFileType = wrapper.application; includeInIndex = 0; path = "touch-bar-clock.app"; sourceTree = BUILT_PRODUCTS_DIR; };
		449B5D2C2300B22400A9E245 /* AppDelegate.swift */ = {isa = PBXFileReference; lastKnownFileType = sourcecode.swift; path = AppDelegate.swift; sourceTree = "<group>"; };
		449B5D302300B22500A9E245 /* Assets.xcassets */ = {isa = PBXFileReference; lastKnownFileType = folder.assetcatalog; path = Assets.xcassets; sourceTree = "<group>"; };
		449B5D332300B22500A9E245 /* Base */ = {isa = PBXFileReference; lastKnownFileType = file.storyboard; name = Base; path = Base.lproj/Main.storyboard; sourceTree = "<group>"; };
		449B5D352300B22500A9E245 /* Info.plist */ = {isa = PBXFileReference; lastKnownFileType = text.plist.xml; path = Info.plist; sourceTree = "<group>"; };
		449B5D362300B22500A9E245 /* Take_a_break.entitlements */ = {isa = PBXFileReference; lastKnownFileType = text.plist.entitlements; path = Take_a_break.entitlements; sourceTree = "<group>"; };
		449B5D3E2300E62F00A9E245 /* TouchBarPrivateApi.h */ = {isa = PBXFileReference; lastKnownFileType = sourcecode.c.h; path = TouchBarPrivateApi.h; sourceTree = "<group>"; };
		449B5D432300EA9C00A9E245 /* TouchBarController.swift */ = {isa = PBXFileReference; lastKnownFileType = sourcecode.swift; path = TouchBarController.swift; sourceTree = "<group>"; };
		449B5D472300ED0700A9E245 /* TouchBarPrivateApi-Bridging.h */ = {isa = PBXFileReference; lastKnownFileType = sourcecode.c.h; path = "TouchBarPrivateApi-Bridging.h"; sourceTree = "<group>"; };
		449B5D4D230104E300A9E245 /* ServiceManagement.framework */ = {isa = PBXFileReference; lastKnownFileType = wrapper.framework; name = ServiceManagement.framework; path = System/Library/Frameworks/ServiceManagement.framework; sourceTree = SDKROOT; };
		449B5D4F230106B200A9E245 /* DFRFoundation.framework */ = {isa = PBXFileReference; lastKnownFileType = wrapper.framework; name = DFRFoundation.framework; path = ../../../../System/Library/PrivateFrameworks/DFRFoundation.framework; sourceTree = "<group>"; };
		449B5D512301087F00A9E245 /* ApplePrivateHelpers.m */ = {isa = PBXFileReference; lastKnownFileType = sourcecode.c.objc; path = ApplePrivateHelpers.m; sourceTree = "<group>"; };
		449B5D53230108C700A9E245 /* ApplePrivateHelpers.h */ = {isa = PBXFileReference; lastKnownFileType = sourcecode.c.h; path = ApplePrivateHelpers.h; sourceTree = "<group>"; };
/* End PBXFileReference section */

/* Begin PBXFrameworksBuildPhase section */
		449B5D262300B22400A9E245 /* Frameworks */ = {
			isa = PBXFrameworksBuildPhase;
			buildActionMask = 2147483647;
			files = (
				449B5D50230106B200A9E245 /* DFRFoundation.framework in Frameworks */,
				449B5D4E230104E300A9E245 /* ServiceManagement.framework in Frameworks */,
			);
			runOnlyForDeploymentPostprocessing = 0;
		};
/* End PBXFrameworksBuildPhase section */

/* Begin PBXGroup section */
		449B5D202300B22400A9E245 = {
			isa = PBXGroup;
			children = (
				449B5D2B2300B22400A9E245 /* touch-bar-clock */,
				449B5D2A2300B22400A9E245 /* Products */,
				449B5D4C230104E300A9E245 /* Frameworks */,
			);
			sourceTree = "<group>";
		};
		449B5D2A2300B22400A9E245 /* Products */ = {
			isa = PBXGroup;
			children = (
				449B5D292300B22400A9E245 /* touch-bar-clock.app */,
			);
			name = Products;
			sourceTree = "<group>";
		};
		449B5D2B2300B22400A9E245 /* touch-bar-clock */ = {
			isa = PBXGroup;
			children = (
				44672161230CB68D005A7A66 /* touch-bar-clock-gif.gif */,
				44672162230CB724005A7A66 /* touch-bar-ui.png */,
				4467215D230C9513005A7A66 /* SettingsViewController.swift */,
				449B5D2C2300B22400A9E245 /* AppDelegate.swift */,
				4467215F230C9CA7005A7A66 /* Data.swift */,
				449B5D302300B22500A9E245 /* Assets.xcassets */,
				449B5D322300B22500A9E245 /* Main.storyboard */,
				449B5D352300B22500A9E245 /* Info.plist */,
				449B5D362300B22500A9E245 /* Take_a_break.entitlements */,
				449B5D3E2300E62F00A9E245 /* TouchBarPrivateApi.h */,
				449B5D472300ED0700A9E245 /* TouchBarPrivateApi-Bridging.h */,
				449B5D432300EA9C00A9E245 /* TouchBarController.swift */,
				449B5D512301087F00A9E245 /* ApplePrivateHelpers.m */,
				449B5D53230108C700A9E245 /* ApplePrivateHelpers.h */,
			);
			path = "touch-bar-clock";
			sourceTree = "<group>";
		};
		449B5D4C230104E300A9E245 /* Frameworks */ = {
			isa = PBXGroup;
			children = (
				449B5D4F230106B200A9E245 /* DFRFoundation.framework */,
				449B5D4D230104E300A9E245 /* ServiceManagement.framework */,
			);
			name = Frameworks;
			sourceTree = "<group>";
		};
/* End PBXGroup section */

/* Begin PBXNativeTarget section */
		449B5D282300B22400A9E245 /* touch-bar-clock */ = {
			isa = PBXNativeTarget;
			buildConfigurationList = 449B5D392300B22500A9E245 /* Build configuration list for PBXNativeTarget "touch-bar-clock" */;
			buildPhases = (
				449B5D252300B22400A9E245 /* Sources */,
				449B5D262300B22400A9E245 /* Frameworks */,
				449B5D272300B22400A9E245 /* Resources */,
			);
			buildRules = (
			);
			dependencies = (
			);
			name = "touch-bar-clock";
			productName = "Take a break";
			productReference = 449B5D292300B22400A9E245 /* touch-bar-clock.app */;
			productType = "com.apple.product-type.application";
		};
/* End PBXNativeTarget section */

/* Begin PBXProject section */
		449B5D212300B22400A9E245 /* Project object */ = {
			isa = PBXProject;
			attributes = {
				LastSwiftUpdateCheck = 1030;
				LastUpgradeCheck = 1030;
				ORGANIZATIONNAME = "Craig Feldman";
				TargetAttributes = {
					449B5D282300B22400A9E245 = {
						CreatedOnToolsVersion = 10.3;
						LastSwiftMigration = 1030;
					};
				};
			};
			buildConfigurationList = 449B5D242300B22400A9E245 /* Build configuration list for PBXProject "touch-bar-clock" */;
			compatibilityVersion = "Xcode 10.0";
			developmentRegion = en;
			hasScannedForEncodings = 0;
			knownRegions = (
				en,
				Base,
			);
			mainGroup = 449B5D202300B22400A9E245;
			productRefGroup = 449B5D2A2300B22400A9E245 /* Products */;
			projectDirPath = "";
			projectRoot = "";
			targets = (
				449B5D282300B22400A9E245 /* touch-bar-clock */,
			);
		};
/* End PBXProject section */

/* Begin PBXResourcesBuildPhase section */
		449B5D272300B22400A9E245 /* Resources */ = {
			isa = PBXResourcesBuildPhase;
			buildActionMask = 2147483647;
			files = (
				449B5D312300B22500A9E245 /* Assets.xcassets in Resources */,
				449B5D342300B22500A9E245 /* Main.storyboard in Resources */,
			);
			runOnlyForDeploymentPostprocessing = 0;
		};
/* End PBXResourcesBuildPhase section */

/* Begin PBXSourcesBuildPhase section */
		449B5D252300B22400A9E245 /* Sources */ = {
			isa = PBXSourcesBuildPhase;
			buildActionMask = 2147483647;
			files = (
				4467215E230C9513005A7A66 /* SettingsViewController.swift in Sources */,
				44672160230C9CA7005A7A66 /* Data.swift in Sources */,
				449B5D522301087F00A9E245 /* ApplePrivateHelpers.m in Sources */,
				449B5D2D2300B22400A9E245 /* AppDelegate.swift in Sources */,
				449B5D452300EA9C00A9E245 /* TouchBarController.swift in Sources */,
			);
			runOnlyForDeploymentPostprocessing = 0;
		};
/* End PBXSourcesBuildPhase section */

/* Begin PBXVariantGroup section */
		449B5D322300B22500A9E245 /* Main.storyboard */ = {
			isa = PBXVariantGroup;
			children = (
				449B5D332300B22500A9E245 /* Base */,
			);
			name = Main.storyboard;
			sourceTree = "<group>";
		};
/* End PBXVariantGroup section */

/* Begin XCBuildConfiguration section */
		449B5D372300B22500A9E245 /* Debug */ = {
			isa = XCBuildConfiguration;
			buildSettings = {
				ALWAYS_SEARCH_USER_PATHS = NO;
				CLANG_ANALYZER_NONNULL = YES;
				CLANG_ANALYZER_NUMBER_OBJECT_CONVERSION = YES_AGGRESSIVE;
				CLANG_CXX_LANGUAGE_STANDARD = "gnu++14";
				CLANG_CXX_LIBRARY = "libc++";
				CLANG_ENABLE_MODULES = YES;
				CLANG_ENABLE_OBJC_ARC = YES;
				CLANG_ENABLE_OBJC_WEAK = YES;
				CLANG_WARN_BLOCK_CAPTURE_AUTORELEASING = YES;
				CLANG_WARN_BOOL_CONVERSION = YES;
				CLANG_WARN_COMMA = YES;
				CLANG_WARN_CONSTANT_CONVERSION = YES;
				CLANG_WARN_DEPRECATED_OBJC_IMPLEMENTATIONS = YES;
				CLANG_WARN_DIRECT_OBJC_ISA_USAGE = YES_ERROR;
				CLANG_WARN_DOCUMENTATION_COMMENTS = YES;
				CLANG_WARN_EMPTY_BODY = YES;
				CLANG_WARN_ENUM_CONVERSION = YES;
				CLANG_WARN_INFINITE_RECURSION = YES;
				CLANG_WARN_INT_CONVERSION = YES;
				CLANG_WARN_NON_LITERAL_NULL_CONVERSION = YES;
				CLANG_WARN_OBJC_IMPLICIT_RETAIN_SELF = YES;
				CLANG_WARN_OBJC_LITERAL_CONVERSION = YES;
				CLANG_WARN_OBJC_ROOT_CLASS = YES_ERROR;
				CLANG_WARN_RANGE_LOOP_ANALYSIS = YES;
				CLANG_WARN_STRICT_PROTOTYPES = YES;
				CLANG_WARN_SUSPICIOUS_MOVE = YES;
				CLANG_WARN_UNGUARDED_AVAILABILITY = YES_AGGRESSIVE;
				CLANG_WARN_UNREACHABLE_CODE = YES;
				CLANG_WARN__DUPLICATE_METHOD_MATCH = YES;
				CODE_SIGN_IDENTITY = "-";
				COPY_PHASE_STRIP = NO;
				DEBUG_INFORMATION_FORMAT = dwarf;
				ENABLE_STRICT_OBJC_MSGSEND = YES;
				ENABLE_TESTABILITY = YES;
				GCC_C_LANGUAGE_STANDARD = gnu11;
				GCC_DYNAMIC_NO_PIC = NO;
				GCC_NO_COMMON_BLOCKS = YES;
				GCC_OPTIMIZATION_LEVEL = 0;
				GCC_PREPROCESSOR_DEFINITIONS = (
					"DEBUG=1",
					"$(inherited)",
				);
				GCC_WARN_64_TO_32_BIT_CONVERSION = YES;
				GCC_WARN_ABOUT_RETURN_TYPE = YES_ERROR;
				GCC_WARN_UNDECLARED_SELECTOR = YES;
				GCC_WARN_UNINITIALIZED_AUTOS = YES_AGGRESSIVE;
				GCC_WARN_UNUSED_FUNCTION = YES;
				GCC_WARN_UNUSED_VARIABLE = YES;
				MACOSX_DEPLOYMENT_TARGET = 10.14;
				MTL_ENABLE_DEBUG_INFO = INCLUDE_SOURCE;
				MTL_FAST_MATH = YES;
				ONLY_ACTIVE_ARCH = YES;
				SDKROOT = macosx;
				SWIFT_ACTIVE_COMPILATION_CONDITIONS = DEBUG;
				SWIFT_OPTIMIZATION_LEVEL = "-Onone";
			};
			name = Debug;
		};
		449B5D382300B22500A9E245 /* Release */ = {
			isa = XCBuildConfiguration;
			buildSettings = {
				ALWAYS_SEARCH_USER_PATHS = NO;
				CLANG_ANALYZER_NONNULL = YES;
				CLANG_ANALYZER_NUMBER_OBJECT_CONVERSION = YES_AGGRESSIVE;
				CLANG_CXX_LANGUAGE_STANDARD = "gnu++14";
				CLANG_CXX_LIBRARY = "libc++";
				CLANG_ENABLE_MODULES = YES;
				CLANG_ENABLE_OBJC_ARC = YES;
				CLANG_ENABLE_OBJC_WEAK = YES;
				CLANG_WARN_BLOCK_CAPTURE_AUTORELEASING = YES;
				CLANG_WARN_BOOL_CONVERSION = YES;
				CLANG_WARN_COMMA = YES;
				CLANG_WARN_CONSTANT_CONVERSION = YES;
				CLANG_WARN_DEPRECATED_OBJC_IMPLEMENTATIONS = YES;
				CLANG_WARN_DIRECT_OBJC_ISA_USAGE = YES_ERROR;
				CLANG_WARN_DOCUMENTATION_COMMENTS = YES;
				CLANG_WARN_EMPTY_BODY = YES;
				CLANG_WARN_ENUM_CONVERSION = YES;
				CLANG_WARN_INFINITE_RECURSION = YES;
				CLANG_WARN_INT_CONVERSION = YES;
				CLANG_WARN_NON_LITERAL_NULL_CONVERSION = YES;
				CLANG_WARN_OBJC_IMPLICIT_RETAIN_SELF = YES;
				CLANG_WARN_OBJC_LITERAL_CONVERSION = YES;
				CLANG_WARN_OBJC_ROOT_CLASS = YES_ERROR;
				CLANG_WARN_RANGE_LOOP_ANALYSIS = YES;
				CLANG_WARN_STRICT_PROTOTYPES = YES;
				CLANG_WARN_SUSPICIOUS_MOVE = YES;
				CLANG_WARN_UNGUARDED_AVAILABILITY = YES_AGGRESSIVE;
				CLANG_WARN_UNREACHABLE_CODE = YES;
				CLANG_WARN__DUPLICATE_METHOD_MATCH = YES;
				CODE_SIGN_IDENTITY = "-";
				COPY_PHASE_STRIP = NO;
				DEBUG_INFORMATION_FORMAT = "dwarf-with-dsym";
				ENABLE_NS_ASSERTIONS = NO;
				ENABLE_STRICT_OBJC_MSGSEND = YES;
				GCC_C_LANGUAGE_STANDARD = gnu11;
				GCC_NO_COMMON_BLOCKS = YES;
				GCC_WARN_64_TO_32_BIT_CONVERSION = YES;
				GCC_WARN_ABOUT_RETURN_TYPE = YES_ERROR;
				GCC_WARN_UNDECLARED_SELECTOR = YES;
				GCC_WARN_UNINITIALIZED_AUTOS = YES_AGGRESSIVE;
				GCC_WARN_UNUSED_FUNCTION = YES;
				GCC_WARN_UNUSED_VARIABLE = YES;
				MACOSX_DEPLOYMENT_TARGET = 10.14;
				MTL_ENABLE_DEBUG_INFO = NO;
				MTL_FAST_MATH = YES;
				SDKROOT = macosx;
				SWIFT_COMPILATION_MODE = wholemodule;
				SWIFT_OPTIMIZATION_LEVEL = "-O";
			};
			name = Release;
		};
		449B5D3A2300B22500A9E245 /* Debug */ = {
			isa = XCBuildConfiguration;
			buildSettings = {
				ASSETCATALOG_COMPILER_APPICON_NAME = AppIcon;
				CLANG_ENABLE_MODULES = YES;
				CODE_SIGN_ENTITLEMENTS = "touch-bar-clock/Take_a_break.entitlements";
				CODE_SIGN_STYLE = Automatic;
				COMBINE_HIDPI_IMAGES = YES;
				INFOPLIST_FILE = "touch-bar-clock/Info.plist";
				LD_RUNPATH_SEARCH_PATHS = (
					"$(inherited)",
					"@executable_path/../Frameworks",
				);
				NEW_SETTING = "";
				PRODUCT_BUNDLE_IDENTIFIER = "com.craigfeldman.touch-bar-clockl";
				PRODUCT_NAME = "$(TARGET_NAME)";
				SWIFT_INSTALL_OBJC_HEADER = YES;
				SWIFT_OBJC_BRIDGING_HEADER = "touch-bar-clock/TouchBarPrivateApi-Bridging.h";
				SWIFT_OPTIMIZATION_LEVEL = "-Onone";
				SWIFT_VERSION = 5.0;
				SYSTEM_FRAMEWORK_SEARCH_PATHS = (
					"$(inherited)",
					"$(SYSTEM_LIBRARY_DIR)/PrivateFrameworks",
				);
			};
			name = Debug;
		};
		449B5D3B2300B22500A9E245 /* Release */ = {
			isa = XCBuildConfiguration;
			buildSettings = {
				ASSETCATALOG_COMPILER_APPICON_NAME = AppIcon;
				CLANG_ENABLE_MODULES = YES;
				CODE_SIGN_ENTITLEMENTS = "touch-bar-clock/Take_a_break.entitlements";
				CODE_SIGN_STYLE = Automatic;
				COMBINE_HIDPI_IMAGES = YES;
				INFOPLIST_FILE = "touch-bar-clock/Info.plist";
				LD_RUNPATH_SEARCH_PATHS = (
					"$(inherited)",
					"@executable_path/../Frameworks",
				);
				NEW_SETTING = "";
				PRODUCT_BUNDLE_IDENTIFIER = "com.craigfeldman.touch-bar-clockl";
				PRODUCT_NAME = "$(TARGET_NAME)";
				SWIFT_INSTALL_OBJC_HEADER = YES;
				SWIFT_OBJC_BRIDGING_HEADER = "touch-bar-clock/TouchBarPrivateApi-Bridging.h";
				SWIFT_VERSION = 5.0;
				SYSTEM_FRAMEWORK_SEARCH_PATHS = (
					"$(inherited)",
					"$(SYSTEM_LIBRARY_DIR)/PrivateFrameworks",
				);
			};
			name = Release;
		};
/* End XCBuildConfiguration section */

/* Begin XCConfigurationList section */
		449B5D242300B22400A9E245 /* Build configuration list for PBXProject "touch-bar-clock" */ = {
			isa = XCConfigurationList;
			buildConfigurations = (
				449B5D372300B22500A9E245 /* Debug */,
				449B5D382300B22500A9E245 /* Release */,
			);
			defaultConfigurationIsVisible = 0;
			defaultConfigurationName = Release;
		};
		449B5D392300B22500A9E245 /* Build configuration list for PBXNativeTarget "touch-bar-clock" */ = {
			isa = XCConfigurationList;
			buildConfigurations = (
				449B5D3A2300B22500A9E245 /* Debug */,
				449B5D3B2300B22500A9E245 /* Release */,
			);
			defaultConfigurationIsVisible = 0;
			defaultConfigurationName = Release;
		};
/* End XCConfigurationList section */
	};
	rootObject = 449B5D212300B22400A9E245 /* Project object */;
}
